<?xml version="1.0" encoding="utf-8"?>
<Project ToolsVersion="4.0" xmlns="http://schemas.microsoft.com/developer/msbuild/2003">
  <ItemGroup>
    <Filter Include="Source Files">
      <UniqueIdentifier>{4FC737F1-C7A5-4376-A066-2A32D752A2FF}</UniqueIdentifier>
      <Extensions>cpp;c;cc;cxx;def;odl;idl;hpj;bat;asm;asmx</Extensions>
    </Filter>
    <Filter Include="Header Files">
      <UniqueIdentifier>{93995380-89BD-4b04-88EB-625FBE52EBFB}</UniqueIdentifier>
      <Extensions>h;hpp;hxx;hm;inl;inc;xsd</Extensions>
    </Filter>
    <Filter Include="Resource Files">
      <UniqueIdentifier>{67DA6AB6-F800-4c08-8B7A-83BB121AAD01}</UniqueIdentifier>
      <Extensions>rc;ico;cur;bmp;dlg;rc2;rct;bin;rgs;gif;jpg;jpeg;jpe;resx;tiff;tif;png;wav;mfcribbon-ms</Extensions>
    </Filter>
    <Filter Include="Source Files\storage">
      <UniqueIdentifier>{5e533eb6-1558-4648-bf60-6906cd3265a2}</UniqueIdentifier>
    </Filter>
    <Filter Include="Header Files\storage">
      <UniqueIdentifier>{9682cfc6-0f37-4dee-a58c-963d58429757}</UniqueIdentifier>
    </Filter>
    <Filter Include="Source Files\storage\indexes">
      <UniqueIdentifier>{eaeb8463-642c-4a36-96f6-097af940a6a2}</UniqueIdentifier>
    </Filter>
    <Filter Include="Header Files\storage\indexes">
      <UniqueIdentifier>{e80a1e3c-d6af-4eed-ae81-0fb0786b0322}</UniqueIdentifier>
    </Filter>
  </ItemGroup>
  <ItemGroup>
    <None Include="ReadMe.txt" />
  </ItemGroup>
  <ItemGroup>
    <ClCompile Include="..\src\cerberus.cpp">
      <Filter>Source Files</Filter>
    </ClCompile>
    <ClCompile Include="..\src\expression.cpp">
      <Filter>Source Files</Filter>
    </ClCompile>
    <ClCompile Include="..\src\stream.cpp">
      <Filter>Source Files</Filter>
    </ClCompile>
    <ClCompile Include="..\src\storage\blob.cpp">
      <Filter>Source Files\storage</Filter>
    </ClCompile>
    <ClCompile Include="..\src\storage\memory.cpp">
      <Filter>Source Files\storage</Filter>
    </ClCompile>
    <ClCompile Include="..\src\storage\mmfile.cpp">
      <Filter>Source Files\storage</Filter>
    </ClCompile>
    <ClCompile Include="..\src\storage\storage.cpp">
      <Filter>Source Files\storage</Filter>
    </ClCompile>
    <ClCompile Include="..\src\storage\strings.cpp">
      <Filter>Source Files\storage</Filter>
    </ClCompile>
    <ClCompile Include="..\src\storage\table.cpp">
      <Filter>Source Files\storage</Filter>
    </ClCompile>
    <ClCompile Include="..\src\storage\field.cpp">
      <Filter>Source Files\storage</Filter>
    </ClCompile>
  </ItemGroup>
  <ItemGroup>
    <ClInclude Include="..\src\storage\indexes\redblack.h">
      <Filter>Header Files\storage\indexes</Filter>
    </ClInclude>
    <ClInclude Include="..\src\storage\indexes\index.h">
      <Filter>Header Files\storage\indexes</Filter>
    </ClInclude>
    <ClInclude Include="..\src\storage\table.h">
      <Filter>Header Files\storage</Filter>
    </ClInclude>
    <ClInclude Include="..\src\storage\strings.h">
      <Filter>Header Files\storage</Filter>
    </ClInclude>
    <ClInclude Include="..\src\storage\storage.h">
      <Filter>Header Files\storage</Filter>
    </ClInclude>
    <ClInclude Include="..\src\storage\mmfile.h">
      <Filter>Header Files\storage</Filter>
    </ClInclude>
    <ClInclude Include="..\src\storage\memory.h">
      <Filter>Header Files\storage</Filter>
    </ClInclude>
    <ClInclude Include="..\src\storage\blob.h">
      <Filter>Header Files\storage</Filter>
    </ClInclude>
    <ClInclude Include="..\src\datatypes.h">
      <Filter>Header Files</Filter>
    </ClInclude>
    <ClInclude Include="..\src\storage\field.h">
      <Filter>Header Files\storage</Filter>
    </ClInclude>
    <ClInclude Include="..\src\cerberus.h">
      <Filter>Header Files</Filter>
    </ClInclude>
    <ClInclude Include="..\src\expression.h">
      <Filter>Header Files</Filter>
    </ClInclude>
    <ClInclude Include="..\src\stream.h">
      <Filter>Header Files</Filter>
    </ClInclude>
  </ItemGroup>
</Project>